
Microsoft Visual Studio Solution File, Format Version 12.00
# Visual Studio Version 16
VisualStudioVersion = 16.0.30204.135
MinimumVisualStudioVersion = 10.0.40219.1
Project("{FAE04EC0-301F-11D3-BF4B-00C04F79EFBC}") = "WebTechTest.Wcf.Service", "WebTechTest.Wcf.Service\WebTechTest.Wcf.Service.csproj", "{5C9FBC75-6FF2-4939-8C31-C599D2BC148C}"
EndProject
Project("{FAE04EC0-301F-11D3-BF4B-00C04F79EFBC}") = "WebTechTest.Wcf.Host", "WebTechTest.Wcf.Host\WebTechTest.Wcf.Host.csproj", "{4A91CA38-4D7B-4B8F-9E6D-FD5BF42EA0C1}"
EndProject
Global
	GlobalSection(SolutionConfigurationPlatforms) = preSolution
		Debug|Any CPU = Debug|Any CPU
		Release|Any CPU = Release|Any CPU
	EndGlobalSection
	GlobalSection(ProjectConfigurationPlatforms) = postSolution
		{5C9FBC75-6FF2-4939-8C31-C599D2BC148C}.Debug|Any CPU.ActiveCfg = Debug|Any CPU
		{5C9FBC75-6FF2-4939-8C31-C599D2BC148C}.Debug|Any CPU.Build.0 = Debug|Any CPU
		{5C9FBC75-6FF2-4939-8C31-C599D2BC148C}.Release|Any CPU.ActiveCfg = Release|Any CPU
		{5C9FBC75-6FF2-4939-8C31-C599D2BC148C}.Release|Any CPU.Build.0 = Release|Any CPU
		{4A91CA38-4D7B-4B8F-9E6D-FD5BF42EA0C1}.Debug|Any CPU.ActiveCfg = Debug|Any CPU
		{4A91CA38-4D7B-4B8F-9E6D-FD5BF42EA0C1}.Debug|Any CPU.Build.0 = Debug|Any CPU
		{4A91CA38-4D7B-4B8F-9E6D-FD5BF42EA0C1}.Release|Any CPU.ActiveCfg = Release|Any CPU
		{4A91CA38-4D7B-4B8F-9E6D-FD5BF42EA0C1}.Release|Any CPU.Build.0 = Release|Any CPU
	EndGlobalSection
	GlobalSection(SolutionProperties) = preSolution
		HideSolutionNode = FALSE
	EndGlobalSection
	GlobalSection(ExtensibilityGlobals) = postSolution
		SolutionGuid = {0DD88098-84B8-492A-AEB9-0CC2BA377A98}
	EndGlobalSection
EndGlobal
