
Microsoft Visual Studio Solution File, Format Version 12.00
# Visual Studio Version 16
VisualStudioVersion = 16.0.30204.135
MinimumVisualStudioVersion = 10.0.40219.1
Project("{FAE04EC0-301F-11D3-BF4B-00C04F79EFBC}") = "WebTechTest", "WebTechTest\WebTechTest.csproj", "{EA39F8E3-F93B-4161-8A0F-877828374CBC}"
EndProject
Project("{FAE04EC0-301F-11D3-BF4B-00C04F79EFBC}") = "WebTechTest.Models", "WebTechTest.Models\WebTechTest.Models.csproj", "{7E519A45-2901-4F9C-9103-9F5B9FCB79CF}"
EndProject
Project("{FAE04EC0-301F-11D3-BF4B-00C04F79EFBC}") = "WebTechTest.Services", "WebTechTest.Services\WebTechTest.Services.csproj", "{6A15AA81-07E2-4491-BE4A-D232719CB592}"
EndProject
Project("{FAE04EC0-301F-11D3-BF4B-00C04F79EFBC}") = "WebTechTest.Wcf.Client", "WebTechTest.Wcf.Client\WebTechTest.Wcf.Client.csproj", "{6DA043F4-D060-4C67-BF88-1D2A3F36BF56}"
EndProject
Global
	GlobalSection(SolutionConfigurationPlatforms) = preSolution
		Debug|Any CPU = Debug|Any CPU
		Release|Any CPU = Release|Any CPU
	EndGlobalSection
	GlobalSection(ProjectConfigurationPlatforms) = postSolution
		{EA39F8E3-F93B-4161-8A0F-877828374CBC}.Debug|Any CPU.ActiveCfg = Debug|Any CPU
		{EA39F8E3-F93B-4161-8A0F-877828374CBC}.Debug|Any CPU.Build.0 = Debug|Any CPU
		{EA39F8E3-F93B-4161-8A0F-877828374CBC}.Release|Any CPU.ActiveCfg = Release|Any CPU
		{EA39F8E3-F93B-4161-8A0F-877828374CBC}.Release|Any CPU.Build.0 = Release|Any CPU
		{7E519A45-2901-4F9C-9103-9F5B9FCB79CF}.Debug|Any CPU.ActiveCfg = Debug|Any CPU
		{7E519A45-2901-4F9C-9103-9F5B9FCB79CF}.Debug|Any CPU.Build.0 = Debug|Any CPU
		{7E519A45-2901-4F9C-9103-9F5B9FCB79CF}.Release|Any CPU.ActiveCfg = Release|Any CPU
		{7E519A45-2901-4F9C-9103-9F5B9FCB79CF}.Release|Any CPU.Build.0 = Release|Any CPU
		{6A15AA81-07E2-4491-BE4A-D232719CB592}.Debug|Any CPU.ActiveCfg = Debug|Any CPU
		{6A15AA81-07E2-4491-BE4A-D232719CB592}.Debug|Any CPU.Build.0 = Debug|Any CPU
		{6A15AA81-07E2-4491-BE4A-D232719CB592}.Release|Any CPU.ActiveCfg = Release|Any CPU
		{6A15AA81-07E2-4491-BE4A-D232719CB592}.Release|Any CPU.Build.0 = Release|Any CPU
		{6DA043F4-D060-4C67-BF88-1D2A3F36BF56}.Debug|Any CPU.ActiveCfg = Debug|Any CPU
		{6DA043F4-D060-4C67-BF88-1D2A3F36BF56}.Debug|Any CPU.Build.0 = Debug|Any CPU
		{6DA043F4-D060-4C67-BF88-1D2A3F36BF56}.Release|Any CPU.ActiveCfg = Release|Any CPU
		{6DA043F4-D060-4C67-BF88-1D2A3F36BF56}.Release|Any CPU.Build.0 = Release|Any CPU
	EndGlobalSection
	GlobalSection(SolutionProperties) = preSolution
		HideSolutionNode = FALSE
	EndGlobalSection
	GlobalSection(ExtensibilityGlobals) = postSolution
		SolutionGuid = {F2610807-C0BA-474A-86A3-4B8EACFD8D0D}
	EndGlobalSection
EndGlobal
